
Microsoft Visual Studio Solution File, Format Version 12.00
# Visual Studio Version 17
VisualStudioVersion = 17.6.33723.286
MinimumVisualStudioVersion = 10.0.40219.1
Project("{FAE04EC0-301F-11D3-BF4B-00C04F79EFBC}") = "RestaurantOrderSystem", "RestaurantOrderSystem\RestaurantOrderSystem.csproj", "{7F6D7317-372C-42C2-96E8-05CD893FE24C}"
EndProject
Global
	GlobalSection(SolutionConfigurationPlatforms) = preSolution
		Debug|Any CPU = Debug|Any CPU
		Release|Any CPU = Release|Any CPU
	EndGlobalSection
	GlobalSection(ProjectConfigurationPlatforms) = postSolution
		{7F6D7317-372C-42C2-96E8-05CD893FE24C}.Debug|Any CPU.ActiveCfg = Debug|Any CPU
		{7F6D7317-372C-42C2-96E8-05CD893FE24C}.Debug|Any CPU.Build.0 = Debug|Any CPU
		{7F6D7317-372C-42C2-96E8-05CD893FE24C}.Release|Any CPU.ActiveCfg = Release|Any CPU
		{7F6D7317-372C-42C2-96E8-05CD893FE24C}.Release|Any CPU.Build.0 = Release|Any CPU
	EndGlobalSection
	GlobalSection(SolutionProperties) = preSolution
		HideSolutionNode = FALSE
	EndGlobalSection
	GlobalSection(ExtensibilityGlobals) = postSolution
		SolutionGuid = {4CF1A957-0993-4C2E-ACA5-245D45E1FEC1}
	EndGlobalSection
EndGlobal
